
Microsoft Visual Studio Solution File, Format Version 12.00
# Visual Studio Version 17
VisualStudioVersion = 17.7.34221.43
MinimumVisualStudioVersion = 10.0.40219.1
Project("{9092AA53-FB77-4645-B42D-1CCCA6BD08BD}") = "hope", "hope\hope.njsproj", "{80D51B18-4AA4-46BC-B0F0-152F30BB33E6}"
EndProject
Global
	GlobalSection(SolutionConfigurationPlatforms) = preSolution
		Debug|Any CPU = Debug|Any CPU
		Release|Any CPU = Release|Any CPU
	EndGlobalSection
	GlobalSection(ProjectConfigurationPlatforms) = postSolution
		{80D51B18-4AA4-46BC-B0F0-152F30BB33E6}.Debug|Any CPU.ActiveCfg = Debug|Any CPU
		{80D51B18-4AA4-46BC-B0F0-152F30BB33E6}.Debug|Any CPU.Build.0 = Debug|Any CPU
		{80D51B18-4AA4-46BC-B0F0-152F30BB33E6}.Release|Any CPU.ActiveCfg = Release|Any CPU
		{80D51B18-4AA4-46BC-B0F0-152F30BB33E6}.Release|Any CPU.Build.0 = Release|Any CPU
	EndGlobalSection
	GlobalSection(SolutionProperties) = preSolution
		HideSolutionNode = FALSE
	EndGlobalSection
	GlobalSection(ExtensibilityGlobals) = postSolution
		SolutionGuid = {6E8A9009-E1E6-42A8-A09A-F9EDA87BF1DA}
	EndGlobalSection
EndGlobal
